// !$*UTF8*$!
{
	archiveVersion = 1;
	classes = {
	};
	objectVersion = 46;
	objects = {

/* Begin PBXBuildFile section */
		0F224C941545C52F008F8895 /* bg.png in Resources */ = {isa = PBXBuildFile; fileRef = 0F224C931545C52F008F8895 /* bg.png */; };
		0F3E9B7515356E6100051A3C /* PrintController.m in Sources */ = {isa = PBXBuildFile; fileRef = 0F3E9B7415356E6100051A3C /* PrintController.m */; };
		0F3E9B8115356F3100051A3C /* Event.m in Sources */ = {isa = PBXBuildFile; fileRef = 0F3E9B7C15356F3100051A3C /* Event.m */; };
		0F3E9B8215356F3100051A3C /* EventBus.m in Sources */ = {isa = PBXBuildFile; fileRef = 0F3E9B7E15356F3100051A3C /* EventBus.m */; };
		0F3E9B8315356F3100051A3C /* Registration.m in Sources */ = {isa = PBXBuildFile; fileRef = 0F3E9B8015356F3100051A3C /* Registration.m */; };
		0F3E9B8615356FF200051A3C /* Factory.m in Sources */ = {isa = PBXBuildFile; fileRef = 0F3E9B8515356FF200051A3C /* Factory.m */; };
		0FF34895155BB0180016D6A5 /* CapsuleController.m in Sources */ = {isa = PBXBuildFile; fileRef = 0FF34894155BB0180016D6A5 /* CapsuleController.m */; };
		0FF34898155BB0700016D6A5 /* PictureEvent.m in Sources */ = {isa = PBXBuildFile; fileRef = 0FF34897155BB0700016D6A5 /* PictureEvent.m */; };
		3D814B2D1536D9A4005CF3E3 /* TwitterController.m in Sources */ = {isa = PBXBuildFile; fileRef = 3D814B2C1536D9A4005CF3E3 /* TwitterController.m */; };
		3D814B301536D9CD005CF3E3 /* libcurl.dylib in Frameworks */ = {isa = PBXBuildFile; fileRef = 3D814B2F1536D9CD005CF3E3 /* libcurl.dylib */; };
		3D814B321536D9D8005CF3E3 /* liboauth.dylib in Frameworks */ = {isa = PBXBuildFile; fileRef = 3D814B311536D9D8005CF3E3 /* liboauth.dylib */; };
		D9182E8115357DED0023FAD0 /* PageController.m in Sources */ = {isa = PBXBuildFile; fileRef = D9182E8015357DED0023FAD0 /* PageController.m */; };
		D9182E8C153586450023FAD0 /* JSONKit.m in Sources */ = {isa = PBXBuildFile; fileRef = D9182E8B153586450023FAD0 /* JSONKit.m */; };
		D9A5BAA5152F331A00400882 /* SystemConfiguration.framework in Frameworks */ = {isa = PBXBuildFile; fileRef = D9A5BAA4152F331A00400882 /* SystemConfiguration.framework */; };
		D9A5BAA8152F333500400882 /* libz.dylib in Frameworks */ = {isa = PBXBuildFile; fileRef = D9A5BAA7152F333500400882 /* libz.dylib */; };
		D9A5BAAA152F337200400882 /* CoreServices.framework in Frameworks */ = {isa = PBXBuildFile; fileRef = D9A5BAA9152F337200400882 /* CoreServices.framework */; };
		D9CCA334152F298100A56228 /* Cocoa.framework in Frameworks */ = {isa = PBXBuildFile; fileRef = D9CCA333152F298100A56228 /* Cocoa.framework */; };
		D9CCA33E152F298100A56228 /* InfoPlist.strings in Resources */ = {isa = PBXBuildFile; fileRef = D9CCA33C152F298100A56228 /* InfoPlist.strings */; };
		D9CCA340152F298100A56228 /* main.m in Sources */ = {isa = PBXBuildFile; fileRef = D9CCA33F152F298100A56228 /* main.m */; };
		D9CCA344152F298100A56228 /* Credits.rtf in Resources */ = {isa = PBXBuildFile; fileRef = D9CCA342152F298100A56228 /* Credits.rtf */; };
		D9CCA347152F298100A56228 /* AppDelegate.m in Sources */ = {isa = PBXBuildFile; fileRef = D9CCA346152F298100A56228 /* AppDelegate.m */; };
		D9CCA34A152F298100A56228 /* MainMenu.xib in Resources */ = {isa = PBXBuildFile; fileRef = D9CCA348152F298100A56228 /* MainMenu.xib */; };
		D9CCA36D152F2C2300A56228 /* QuartzCore.framework in Frameworks */ = {isa = PBXBuildFile; fileRef = D9CCA36C152F2C2300A56228 /* QuartzCore.framework */; };
		D9CCA36F152F2C2F00A56228 /* Quartz.framework in Frameworks */ = {isa = PBXBuildFile; fileRef = D9CCA36E152F2C2F00A56228 /* Quartz.framework */; };
		D9CCA39E152F2F4300A56228 /* ASIDataCompressor.m in Sources */ = {isa = PBXBuildFile; fileRef = D9CCA397152F2F4300A56228 /* ASIDataCompressor.m */; };
		D9CCA39F152F2F4300A56228 /* ASIDataDecompressor.m in Sources */ = {isa = PBXBuildFile; fileRef = D9CCA399152F2F4300A56228 /* ASIDataDecompressor.m */; };
		D9CCA3A0152F2F4300A56228 /* ASIDownloadCache.m in Sources */ = {isa = PBXBuildFile; fileRef = D9CCA39B152F2F4300A56228 /* ASIDownloadCache.m */; };
		D9CCA3A1152F2F4300A56228 /* ASIFormDataRequest.m in Sources */ = {isa = PBXBuildFile; fileRef = D9CCA39D152F2F4300A56228 /* ASIFormDataRequest.m */; };
		D9CCA3A6152F2F6500A56228 /* ASIHTTPRequest.m in Sources */ = {isa = PBXBuildFile; fileRef = D9CCA3A3152F2F6500A56228 /* ASIHTTPRequest.m */; };
		D9CCA3AC152F2F8C00A56228 /* ASIInputStream.m in Sources */ = {isa = PBXBuildFile; fileRef = D9CCA3A8152F2F8C00A56228 /* ASIInputStream.m */; };
		D9CCA3AD152F2F8C00A56228 /* ASINetworkQueue.m in Sources */ = {isa = PBXBuildFile; fileRef = D9CCA3AA152F2F8C00A56228 /* ASINetworkQueue.m */; };
/* End PBXBuildFile section */

/* Begin PBXFileReference section */
		0F224C931545C52F008F8895 /* bg.png */ = {isa = PBXFileReference; lastKnownFileType = image.png; path = bg.png; sourceTree = "<group>"; };
		0F3E9B7315356E6100051A3C /* PrintController.h */ = {isa = PBXFileReference; fileEncoding = 4; lastKnownFileType = sourcecode.c.h; path = PrintController.h; sourceTree = "<group>"; };
		0F3E9B7415356E6100051A3C /* PrintController.m */ = {isa = PBXFileReference; fileEncoding = 4; lastKnownFileType = sourcecode.c.objc; path = PrintController.m; sourceTree = "<group>"; };
		0F3E9B7B15356F3100051A3C /* Event.h */ = {isa = PBXFileReference; fileEncoding = 4; lastKnownFileType = sourcecode.c.h; path = Event.h; sourceTree = "<group>"; };
		0F3E9B7C15356F3100051A3C /* Event.m */ = {isa = PBXFileReference; fileEncoding = 4; lastKnownFileType = sourcecode.c.objc; path = Event.m; sourceTree = "<group>"; };
		0F3E9B7D15356F3100051A3C /* EventBus.h */ = {isa = PBXFileReference; fileEncoding = 4; lastKnownFileType = sourcecode.c.h; path = EventBus.h; sourceTree = "<group>"; };
		0F3E9B7E15356F3100051A3C /* EventBus.m */ = {isa = PBXFileReference; fileEncoding = 4; lastKnownFileType = sourcecode.c.objc; path = EventBus.m; sourceTree = "<group>"; };
		0F3E9B7F15356F3100051A3C /* Registration.h */ = {isa = PBXFileReference; fileEncoding = 4; lastKnownFileType = sourcecode.c.h; path = Registration.h; sourceTree = "<group>"; };
		0F3E9B8015356F3100051A3C /* Registration.m */ = {isa = PBXFileReference; fileEncoding = 4; lastKnownFileType = sourcecode.c.objc; path = Registration.m; sourceTree = "<group>"; };
		0F3E9B8415356FF200051A3C /* Factory.h */ = {isa = PBXFileReference; fileEncoding = 4; lastKnownFileType = sourcecode.c.h; path = Factory.h; sourceTree = "<group>"; };
		0F3E9B8515356FF200051A3C /* Factory.m */ = {isa = PBXFileReference; fileEncoding = 4; lastKnownFileType = sourcecode.c.objc; path = Factory.m; sourceTree = "<group>"; };
		0FF34893155BB0180016D6A5 /* CapsuleController.h */ = {isa = PBXFileReference; fileEncoding = 4; lastKnownFileType = sourcecode.c.h; path = CapsuleController.h; sourceTree = "<group>"; };
		0FF34894155BB0180016D6A5 /* CapsuleController.m */ = {isa = PBXFileReference; fileEncoding = 4; lastKnownFileType = sourcecode.c.objc; path = CapsuleController.m; sourceTree = "<group>"; };
		0FF34896155BB0700016D6A5 /* PictureEvent.h */ = {isa = PBXFileReference; fileEncoding = 4; lastKnownFileType = sourcecode.c.h; path = PictureEvent.h; sourceTree = "<group>"; };
		0FF34897155BB0700016D6A5 /* PictureEvent.m */ = {isa = PBXFileReference; fileEncoding = 4; lastKnownFileType = sourcecode.c.objc; path = PictureEvent.m; sourceTree = "<group>"; };
		3D814B2B1536D9A4005CF3E3 /* TwitterController.h */ = {isa = PBXFileReference; fileEncoding = 4; lastKnownFileType = sourcecode.c.h; path = TwitterController.h; sourceTree = "<group>"; };
		3D814B2C1536D9A4005CF3E3 /* TwitterController.m */ = {isa = PBXFileReference; fileEncoding = 4; lastKnownFileType = sourcecode.c.objc; path = TwitterController.m; sourceTree = "<group>"; };
		3D814B2F1536D9CD005CF3E3 /* libcurl.dylib */ = {isa = PBXFileReference; lastKnownFileType = "compiled.mach-o.dylib"; name = libcurl.dylib; path = usr/lib/libcurl.dylib; sourceTree = SDKROOT; };
		3D814B311536D9D8005CF3E3 /* liboauth.dylib */ = {isa = PBXFileReference; lastKnownFileType = "compiled.mach-o.dylib"; name = liboauth.dylib; path = usr/local/lib/liboauth.dylib; sourceTree = SDKROOT; };
		D9182E7F15357DED0023FAD0 /* PageController.h */ = {isa = PBXFileReference; fileEncoding = 4; lastKnownFileType = sourcecode.c.h; path = PageController.h; sourceTree = "<group>"; };
		D9182E8015357DED0023FAD0 /* PageController.m */ = {isa = PBXFileReference; fileEncoding = 4; lastKnownFileType = sourcecode.c.objc; path = PageController.m; sourceTree = "<group>"; };
		D9182E8A153586450023FAD0 /* JSONKit.h */ = {isa = PBXFileReference; fileEncoding = 4; lastKnownFileType = sourcecode.c.h; path = JSONKit.h; sourceTree = "<group>"; };
		D9182E8B153586450023FAD0 /* JSONKit.m */ = {isa = PBXFileReference; fileEncoding = 4; lastKnownFileType = sourcecode.c.objc; path = JSONKit.m; sourceTree = "<group>"; };
		D9A5BAA4152F331A00400882 /* SystemConfiguration.framework */ = {isa = PBXFileReference; lastKnownFileType = wrapper.framework; name = SystemConfiguration.framework; path = System/Library/Frameworks/SystemConfiguration.framework; sourceTree = SDKROOT; };
		D9A5BAA7152F333500400882 /* libz.dylib */ = {isa = PBXFileReference; lastKnownFileType = "compiled.mach-o.dylib"; name = libz.dylib; path = usr/lib/libz.dylib; sourceTree = SDKROOT; };
		D9A5BAA9152F337200400882 /* CoreServices.framework */ = {isa = PBXFileReference; lastKnownFileType = wrapper.framework; name = CoreServices.framework; path = System/Library/Frameworks/CoreServices.framework; sourceTree = SDKROOT; };
		D9CCA32F152F298100A56228 /* printd.app */ = {isa = PBXFileReference; explicitFileType = wrapper.application; includeInIndex = 0; path = printd.app; sourceTree = BUILT_PRODUCTS_DIR; };
		D9CCA333152F298100A56228 /* Cocoa.framework */ = {isa = PBXFileReference; lastKnownFileType = wrapper.framework; name = Cocoa.framework; path = System/Library/Frameworks/Cocoa.framework; sourceTree = SDKROOT; };
		D9CCA336152F298100A56228 /* AppKit.framework */ = {isa = PBXFileReference; lastKnownFileType = wrapper.framework; name = AppKit.framework; path = System/Library/Frameworks/AppKit.framework; sourceTree = SDKROOT; };
		D9CCA337152F298100A56228 /* CoreData.framework */ = {isa = PBXFileReference; lastKnownFileType = wrapper.framework; name = CoreData.framework; path = System/Library/Frameworks/CoreData.framework; sourceTree = SDKROOT; };
		D9CCA338152F298100A56228 /* Foundation.framework */ = {isa = PBXFileReference; lastKnownFileType = wrapper.framework; name = Foundation.framework; path = System/Library/Frameworks/Foundation.framework; sourceTree = SDKROOT; };
		D9CCA33B152F298100A56228 /* printd-Info.plist */ = {isa = PBXFileReference; lastKnownFileType = text.plist.xml; path = "printd-Info.plist"; sourceTree = "<group>"; };
		D9CCA33D152F298100A56228 /* en */ = {isa = PBXFileReference; lastKnownFileType = text.plist.strings; name = en; path = en.lproj/InfoPlist.strings; sourceTree = "<group>"; };
		D9CCA33F152F298100A56228 /* main.m */ = {isa = PBXFileReference; lastKnownFileType = sourcecode.c.objc; path = main.m; sourceTree = "<group>"; };
		D9CCA341152F298100A56228 /* printd-Prefix.pch */ = {isa = PBXFileReference; lastKnownFileType = sourcecode.c.h; path = "printd-Prefix.pch"; sourceTree = "<group>"; };
		D9CCA343152F298100A56228 /* en */ = {isa = PBXFileReference; lastKnownFileType = text.rtf; name = en; path = en.lproj/Credits.rtf; sourceTree = "<group>"; };
		D9CCA345152F298100A56228 /* AppDelegate.h */ = {isa = PBXFileReference; lastKnownFileType = sourcecode.c.h; path = AppDelegate.h; sourceTree = "<group>"; };
		D9CCA346152F298100A56228 /* AppDelegate.m */ = {isa = PBXFileReference; lastKnownFileType = sourcecode.c.objc; path = AppDelegate.m; sourceTree = "<group>"; };
		D9CCA349152F298100A56228 /* en */ = {isa = PBXFileReference; lastKnownFileType = file.xib; name = en; path = en.lproj/MainMenu.xib; sourceTree = "<group>"; };
		D9CCA36C152F2C2300A56228 /* QuartzCore.framework */ = {isa = PBXFileReference; lastKnownFileType = wrapper.framework; name = QuartzCore.framework; path = System/Library/Frameworks/QuartzCore.framework; sourceTree = SDKROOT; };
		D9CCA36E152F2C2F00A56228 /* Quartz.framework */ = {isa = PBXFileReference; lastKnownFileType = wrapper.framework; name = Quartz.framework; path = System/Library/Frameworks/Quartz.framework; sourceTree = SDKROOT; };
		D9CCA395152F2F4300A56228 /* ASICacheDelegate.h */ = {isa = PBXFileReference; fileEncoding = 4; lastKnownFileType = sourcecode.c.h; path = ASICacheDelegate.h; sourceTree = "<group>"; };
		D9CCA396152F2F4300A56228 /* ASIDataCompressor.h */ = {isa = PBXFileReference; fileEncoding = 4; lastKnownFileType = sourcecode.c.h; path = ASIDataCompressor.h; sourceTree = "<group>"; };
		D9CCA397152F2F4300A56228 /* ASIDataCompressor.m */ = {isa = PBXFileReference; fileEncoding = 4; lastKnownFileType = sourcecode.c.objc; path = ASIDataCompressor.m; sourceTree = "<group>"; };
		D9CCA398152F2F4300A56228 /* ASIDataDecompressor.h */ = {isa = PBXFileReference; fileEncoding = 4; lastKnownFileType = sourcecode.c.h; path = ASIDataDecompressor.h; sourceTree = "<group>"; };
		D9CCA399152F2F4300A56228 /* ASIDataDecompressor.m */ = {isa = PBXFileReference; fileEncoding = 4; lastKnownFileType = sourcecode.c.objc; path = ASIDataDecompressor.m; sourceTree = "<group>"; };
		D9CCA39A152F2F4300A56228 /* ASIDownloadCache.h */ = {isa = PBXFileReference; fileEncoding = 4; lastKnownFileType = sourcecode.c.h; path = ASIDownloadCache.h; sourceTree = "<group>"; };
		D9CCA39B152F2F4300A56228 /* ASIDownloadCache.m */ = {isa = PBXFileReference; fileEncoding = 4; lastKnownFileType = sourcecode.c.objc; path = ASIDownloadCache.m; sourceTree = "<group>"; };
		D9CCA39C152F2F4300A56228 /* ASIFormDataRequest.h */ = {isa = PBXFileReference; fileEncoding = 4; lastKnownFileType = sourcecode.c.h; path = ASIFormDataRequest.h; sourceTree = "<group>"; };
		D9CCA39D152F2F4300A56228 /* ASIFormDataRequest.m */ = {isa = PBXFileReference; fileEncoding = 4; lastKnownFileType = sourcecode.c.objc; path = ASIFormDataRequest.m; sourceTree = "<group>"; };
		D9CCA3A2152F2F6500A56228 /* ASIHTTPRequest.h */ = {isa = PBXFileReference; fileEncoding = 4; lastKnownFileType = sourcecode.c.h; path = ASIHTTPRequest.h; sourceTree = "<group>"; };
		D9CCA3A3152F2F6500A56228 /* ASIHTTPRequest.m */ = {isa = PBXFileReference; fileEncoding = 4; lastKnownFileType = sourcecode.c.objc; path = ASIHTTPRequest.m; sourceTree = "<group>"; };
		D9CCA3A4152F2F6500A56228 /* ASIHTTPRequestConfig.h */ = {isa = PBXFileReference; fileEncoding = 4; lastKnownFileType = sourcecode.c.h; path = ASIHTTPRequestConfig.h; sourceTree = "<group>"; };
		D9CCA3A5152F2F6500A56228 /* ASIHTTPRequestDelegate.h */ = {isa = PBXFileReference; fileEncoding = 4; lastKnownFileType = sourcecode.c.h; path = ASIHTTPRequestDelegate.h; sourceTree = "<group>"; };
		D9CCA3A7152F2F8C00A56228 /* ASIInputStream.h */ = {isa = PBXFileReference; fileEncoding = 4; lastKnownFileType = sourcecode.c.h; path = ASIInputStream.h; sourceTree = "<group>"; };
		D9CCA3A8152F2F8C00A56228 /* ASIInputStream.m */ = {isa = PBXFileReference; fileEncoding = 4; lastKnownFileType = sourcecode.c.objc; path = ASIInputStream.m; sourceTree = "<group>"; };
		D9CCA3A9152F2F8C00A56228 /* ASINetworkQueue.h */ = {isa = PBXFileReference; fileEncoding = 4; lastKnownFileType = sourcecode.c.h; path = ASINetworkQueue.h; sourceTree = "<group>"; };
		D9CCA3AA152F2F8C00A56228 /* ASINetworkQueue.m */ = {isa = PBXFileReference; fileEncoding = 4; lastKnownFileType = sourcecode.c.objc; path = ASINetworkQueue.m; sourceTree = "<group>"; };
		D9CCA3AB152F2F8C00A56228 /* ASIProgressDelegate.h */ = {isa = PBXFileReference; fileEncoding = 4; lastKnownFileType = sourcecode.c.h; path = ASIProgressDelegate.h; sourceTree = "<group>"; };
/* End PBXFileReference section */

/* Begin PBXFrameworksBuildPhase section */
		D9CCA32C152F298100A56228 /* Frameworks */ = {
			isa = PBXFrameworksBuildPhase;
			buildActionMask = 2147483647;
			files = (
				3D814B321536D9D8005CF3E3 /* liboauth.dylib in Frameworks */,
				3D814B301536D9CD005CF3E3 /* libcurl.dylib in Frameworks */,
				D9A5BAAA152F337200400882 /* CoreServices.framework in Frameworks */,
				D9A5BAA8152F333500400882 /* libz.dylib in Frameworks */,
				D9A5BAA5152F331A00400882 /* SystemConfiguration.framework in Frameworks */,
				D9CCA36F152F2C2F00A56228 /* Quartz.framework in Frameworks */,
				D9CCA36D152F2C2300A56228 /* QuartzCore.framework in Frameworks */,
				D9CCA334152F298100A56228 /* Cocoa.framework in Frameworks */,
			);
			runOnlyForDeploymentPostprocessing = 0;
		};
/* End PBXFrameworksBuildPhase section */

/* Begin PBXGroup section */
		0F151C9C152F37F2005EF71B /* ASHTTPRequest */ = {
			isa = PBXGroup;
			children = (
				D9CCA3A7152F2F8C00A56228 /* ASIInputStream.h */,
				D9CCA3A8152F2F8C00A56228 /* ASIInputStream.m */,
				D9CCA3A9152F2F8C00A56228 /* ASINetworkQueue.h */,
				D9CCA3AA152F2F8C00A56228 /* ASINetworkQueue.m */,
				D9CCA3AB152F2F8C00A56228 /* ASIProgressDelegate.h */,
				D9CCA3A2152F2F6500A56228 /* ASIHTTPRequest.h */,
				D9CCA3A3152F2F6500A56228 /* ASIHTTPRequest.m */,
				D9CCA3A4152F2F6500A56228 /* ASIHTTPRequestConfig.h */,
				D9CCA3A5152F2F6500A56228 /* ASIHTTPRequestDelegate.h */,
				D9CCA395152F2F4300A56228 /* ASICacheDelegate.h */,
				D9CCA396152F2F4300A56228 /* ASIDataCompressor.h */,
				D9CCA397152F2F4300A56228 /* ASIDataCompressor.m */,
				D9CCA398152F2F4300A56228 /* ASIDataDecompressor.h */,
				D9CCA399152F2F4300A56228 /* ASIDataDecompressor.m */,
				D9CCA39A152F2F4300A56228 /* ASIDownloadCache.h */,
				D9CCA39B152F2F4300A56228 /* ASIDownloadCache.m */,
				D9CCA39C152F2F4300A56228 /* ASIFormDataRequest.h */,
				D9CCA39D152F2F4300A56228 /* ASIFormDataRequest.m */,
			);
			name = ASHTTPRequest;
			sourceTree = "<group>";
		};
		0F3E9B7115356DFC00051A3C /* Print */ = {
			isa = PBXGroup;
			children = (
				0F3E9B7315356E6100051A3C /* PrintController.h */,
				0F3E9B7415356E6100051A3C /* PrintController.m */,
				D9182E7F15357DED0023FAD0 /* PageController.h */,
				D9182E8015357DED0023FAD0 /* PageController.m */,
				3D814B2B1536D9A4005CF3E3 /* TwitterController.h */,
				3D814B2C1536D9A4005CF3E3 /* TwitterController.m */,
			);
			name = Print;
			sourceTree = "<group>";
		};
		0F3E9B7A15356F1200051A3C /* Event */ = {
			isa = PBXGroup;
			children = (
				0F3E9B7B15356F3100051A3C /* Event.h */,
				0F3E9B7C15356F3100051A3C /* Event.m */,
				0F3E9B7D15356F3100051A3C /* EventBus.h */,
				0F3E9B7E15356F3100051A3C /* EventBus.m */,
				0F3E9B7F15356F3100051A3C /* Registration.h */,
				0F3E9B8015356F3100051A3C /* Registration.m */,
			);
			name = Event;
			sourceTree = "<group>";
		};
		0F3E9B8F1535872600051A3C /* Resources */ = {
			isa = PBXGroup;
			children = (
				0F224C931545C52F008F8895 /* bg.png */,
			);
			name = Resources;
			sourceTree = "<group>";
		};
		D9B743A915356F9D00465819 /* JSON */ = {
			isa = PBXGroup;
			children = (
				D9182E8A153586450023FAD0 /* JSONKit.h */,
				D9182E8B153586450023FAD0 /* JSONKit.m */,
			);
			name = JSON;
			sourceTree = "<group>";
		};
		D9B743D61535777700465819 /* Data */ = {
			isa = PBXGroup;
			children = (
				0FF34893155BB0180016D6A5 /* CapsuleController.h */,
				0FF34894155BB0180016D6A5 /* CapsuleController.m */,
				0FF34896155BB0700016D6A5 /* PictureEvent.h */,
				0FF34897155BB0700016D6A5 /* PictureEvent.m */,
			);
			name = Data;
			sourceTree = "<group>";
		};
		D9CCA324152F298000A56228 = {
			isa = PBXGroup;
			children = (
				D9CCA339152F298100A56228 /* printd */,
				D9CCA332152F298100A56228 /* Frameworks */,
				D9CCA330152F298100A56228 /* Products */,
			);
			sourceTree = "<group>";
		};
		D9CCA330152F298100A56228 /* Products */ = {
			isa = PBXGroup;
			children = (
				D9CCA32F152F298100A56228 /* printd.app */,
			);
			name = Products;
			sourceTree = "<group>";
		};
		D9CCA332152F298100A56228 /* Frameworks */ = {
			isa = PBXGroup;
			children = (
				3D814B2F1536D9CD005CF3E3 /* libcurl.dylib */,
				3D814B311536D9D8005CF3E3 /* liboauth.dylib */,
				D9A5BAA9152F337200400882 /* CoreServices.framework */,
				D9A5BAA7152F333500400882 /* libz.dylib */,
				D9A5BAA4152F331A00400882 /* SystemConfiguration.framework */,
				D9CCA36E152F2C2F00A56228 /* Quartz.framework */,
				D9CCA36C152F2C2300A56228 /* QuartzCore.framework */,
				D9CCA333152F298100A56228 /* Cocoa.framework */,
				D9CCA335152F298100A56228 /* Other Frameworks */,
			);
			name = Frameworks;
			sourceTree = "<group>";
		};
		D9CCA335152F298100A56228 /* Other Frameworks */ = {
			isa = PBXGroup;
			children = (
				D9CCA336152F298100A56228 /* AppKit.framework */,
				D9CCA337152F298100A56228 /* CoreData.framework */,
				D9CCA338152F298100A56228 /* Foundation.framework */,
			);
			name = "Other Frameworks";
			sourceTree = "<group>";
		};
		D9CCA339152F298100A56228 /* printd */ = {
			isa = PBXGroup;
			children = (
				0F3E9B7A15356F1200051A3C /* Event */,
				0F151C9C152F37F2005EF71B /* ASHTTPRequest */,
				D9B743A915356F9D00465819 /* JSON */,
				D9B743D61535777700465819 /* Data */,
				0F3E9B7115356DFC00051A3C /* Print */,
				0F3E9B8415356FF200051A3C /* Factory.h */,
				0F3E9B8515356FF200051A3C /* Factory.m */,
				D9CCA345152F298100A56228 /* AppDelegate.h */,
				D9CCA346152F298100A56228 /* AppDelegate.m */,
				D9CCA348152F298100A56228 /* MainMenu.xib */,
				D9CCA33A152F298100A56228 /* Supporting Files */,
				0F3E9B8F1535872600051A3C /* Resources */,
			);
			path = printd;
			sourceTree = "<group>";
		};
		D9CCA33A152F298100A56228 /* Supporting Files */ = {
			isa = PBXGroup;
			children = (
				D9CCA33B152F298100A56228 /* printd-Info.plist */,
				D9CCA33C152F298100A56228 /* InfoPlist.strings */,
				D9CCA33F152F298100A56228 /* main.m */,
				D9CCA341152F298100A56228 /* printd-Prefix.pch */,
				D9CCA342152F298100A56228 /* Credits.rtf */,
			);
			name = "Supporting Files";
			sourceTree = "<group>";
		};
/* End PBXGroup section */

/* Begin PBXNativeTarget section */
		D9CCA32E152F298100A56228 /* printd */ = {
			isa = PBXNativeTarget;
			buildConfigurationList = D9CCA34D152F298100A56228 /* Build configuration list for PBXNativeTarget "printd" */;
			buildPhases = (
				D9CCA32B152F298100A56228 /* Sources */,
				D9CCA32C152F298100A56228 /* Frameworks */,
				D9CCA32D152F298100A56228 /* Resources */,
			);
			buildRules = (
			);
			dependencies = (
			);
			name = printd;
			productName = printd;
			productReference = D9CCA32F152F298100A56228 /* printd.app */;
			productType = "com.apple.product-type.application";
		};
/* End PBXNativeTarget section */

/* Begin PBXProject section */
		D9CCA326152F298000A56228 /* Project object */ = {
			isa = PBXProject;
			attributes = {
				LastUpgradeCheck = 0420;
			};
			buildConfigurationList = D9CCA329152F298000A56228 /* Build configuration list for PBXProject "printd" */;
			compatibilityVersion = "Xcode 3.2";
			developmentRegion = English;
			hasScannedForEncodings = 0;
			knownRegions = (
				en,
			);
			mainGroup = D9CCA324152F298000A56228;
			productRefGroup = D9CCA330152F298100A56228 /* Products */;
			projectDirPath = "";
			projectRoot = "";
			targets = (
				D9CCA32E152F298100A56228 /* printd */,
			);
		};
/* End PBXProject section */

/* Begin PBXResourcesBuildPhase section */
		D9CCA32D152F298100A56228 /* Resources */ = {
			isa = PBXResourcesBuildPhase;
			buildActionMask = 2147483647;
			files = (
				D9CCA33E152F298100A56228 /* InfoPlist.strings in Resources */,
				D9CCA344152F298100A56228 /* Credits.rtf in Resources */,
				D9CCA34A152F298100A56228 /* MainMenu.xib in Resources */,
				0F224C941545C52F008F8895 /* bg.png in Resources */,
			);
			runOnlyForDeploymentPostprocessing = 0;
		};
/* End PBXResourcesBuildPhase section */

/* Begin PBXSourcesBuildPhase section */
		D9CCA32B152F298100A56228 /* Sources */ = {
			isa = PBXSourcesBuildPhase;
			buildActionMask = 2147483647;
			files = (
				D9CCA340152F298100A56228 /* main.m in Sources */,
				D9CCA347152F298100A56228 /* AppDelegate.m in Sources */,
				D9CCA39E152F2F4300A56228 /* ASIDataCompressor.m in Sources */,
				D9CCA39F152F2F4300A56228 /* ASIDataDecompressor.m in Sources */,
				D9CCA3A0152F2F4300A56228 /* ASIDownloadCache.m in Sources */,
				D9CCA3A1152F2F4300A56228 /* ASIFormDataRequest.m in Sources */,
				D9CCA3A6152F2F6500A56228 /* ASIHTTPRequest.m in Sources */,
				D9CCA3AC152F2F8C00A56228 /* ASIInputStream.m in Sources */,
				D9CCA3AD152F2F8C00A56228 /* ASINetworkQueue.m in Sources */,
				0F3E9B7515356E6100051A3C /* PrintController.m in Sources */,
				0F3E9B8115356F3100051A3C /* Event.m in Sources */,
				0F3E9B8215356F3100051A3C /* EventBus.m in Sources */,
				0F3E9B8315356F3100051A3C /* Registration.m in Sources */,
				0F3E9B8615356FF200051A3C /* Factory.m in Sources */,
				D9182E8115357DED0023FAD0 /* PageController.m in Sources */,
				D9182E8C153586450023FAD0 /* JSONKit.m in Sources */,
				3D814B2D1536D9A4005CF3E3 /* TwitterController.m in Sources */,
				0FF34895155BB0180016D6A5 /* CapsuleController.m in Sources */,
				0FF34898155BB0700016D6A5 /* PictureEvent.m in Sources */,
			);
			runOnlyForDeploymentPostprocessing = 0;
		};
/* End PBXSourcesBuildPhase section */

/* Begin PBXVariantGroup section */
		D9CCA33C152F298100A56228 /* InfoPlist.strings */ = {
			isa = PBXVariantGroup;
			children = (
				D9CCA33D152F298100A56228 /* en */,
			);
			name = InfoPlist.strings;
			sourceTree = "<group>";
		};
		D9CCA342152F298100A56228 /* Credits.rtf */ = {
			isa = PBXVariantGroup;
			children = (
				D9CCA343152F298100A56228 /* en */,
			);
			name = Credits.rtf;
			sourceTree = "<group>";
		};
		D9CCA348152F298100A56228 /* MainMenu.xib */ = {
			isa = PBXVariantGroup;
			children = (
				D9CCA349152F298100A56228 /* en */,
			);
			name = MainMenu.xib;
			sourceTree = "<group>";
		};
/* End PBXVariantGroup section */

/* Begin XCBuildConfiguration section */
		D9CCA34B152F298100A56228 /* Debug */ = {
			isa = XCBuildConfiguration;
			buildSettings = {
				ALWAYS_SEARCH_USER_PATHS = NO;
				ARCHS = "$(ARCHS_STANDARD_64_BIT)";
				COPY_PHASE_STRIP = NO;
				GCC_C_LANGUAGE_STANDARD = gnu99;
				GCC_DYNAMIC_NO_PIC = NO;
				GCC_ENABLE_OBJC_EXCEPTIONS = YES;
				GCC_OPTIMIZATION_LEVEL = 0;
				GCC_PREPROCESSOR_DEFINITIONS = (
					"DEBUG=1",
					"$(inherited)",
				);
				GCC_SYMBOLS_PRIVATE_EXTERN = NO;
				GCC_VERSION = com.apple.compilers.llvm.clang.1_0;
				GCC_WARN_64_TO_32_BIT_CONVERSION = YES;
				GCC_WARN_ABOUT_MISSING_PROTOTYPES = YES;
				GCC_WARN_ABOUT_RETURN_TYPE = YES;
				GCC_WARN_UNUSED_VARIABLE = YES;
				MACOSX_DEPLOYMENT_TARGET = 10.6;
				ONLY_ACTIVE_ARCH = YES;
				SDKROOT = macosx;
			};
			name = Debug;
		};
		D9CCA34C152F298100A56228 /* Release */ = {
			isa = XCBuildConfiguration;
			buildSettings = {
				ALWAYS_SEARCH_USER_PATHS = NO;
				ARCHS = "$(ARCHS_STANDARD_64_BIT)";
				COPY_PHASE_STRIP = YES;
				DEBUG_INFORMATION_FORMAT = "dwarf-with-dsym";
				GCC_C_LANGUAGE_STANDARD = gnu99;
				GCC_ENABLE_OBJC_EXCEPTIONS = YES;
				GCC_VERSION = com.apple.compilers.llvm.clang.1_0;
				GCC_WARN_64_TO_32_BIT_CONVERSION = YES;
				GCC_WARN_ABOUT_MISSING_PROTOTYPES = YES;
				GCC_WARN_ABOUT_RETURN_TYPE = YES;
				GCC_WARN_UNUSED_VARIABLE = YES;
				MACOSX_DEPLOYMENT_TARGET = 10.6;
				SDKROOT = macosx;
			};
			name = Release;
		};
		D9CCA34E152F298100A56228 /* Debug */ = {
			isa = XCBuildConfiguration;
			buildSettings = {
				GCC_PRECOMPILE_PREFIX_HEADER = YES;
				GCC_PREFIX_HEADER = "printd/printd-Prefix.pch";
				HEADER_SEARCH_PATHS = /usr/local/include;
				INFOPLIST_FILE = "printd/printd-Info.plist";
				LIBRARY_SEARCH_PATHS = /usr/local/lib;
				PRODUCT_NAME = "$(TARGET_NAME)";
				SDKROOT = macosx10.6;
				WRAPPER_EXTENSION = app;
			};
			name = Debug;
		};
		D9CCA34F152F298100A56228 /* Release */ = {
			isa = XCBuildConfiguration;
			buildSettings = {
				GCC_PRECOMPILE_PREFIX_HEADER = YES;
				GCC_PREFIX_HEADER = "printd/printd-Prefix.pch";
				HEADER_SEARCH_PATHS = /usr/local/include;
				INFOPLIST_FILE = "printd/printd-Info.plist";
				LIBRARY_SEARCH_PATHS = /usr/local/lib;
				PRODUCT_NAME = "$(TARGET_NAME)";
				SDKROOT = macosx10.6;
				WRAPPER_EXTENSION = app;
			};
			name = Release;
		};
/* End XCBuildConfiguration section */

/* Begin XCConfigurationList section */
		D9CCA329152F298000A56228 /* Build configuration list for PBXProject "printd" */ = {
			isa = XCConfigurationList;
			buildConfigurations = (
				D9CCA34B152F298100A56228 /* Debug */,
				D9CCA34C152F298100A56228 /* Release */,
			);
			defaultConfigurationIsVisible = 0;
			defaultConfigurationName = Release;
		};
		D9CCA34D152F298100A56228 /* Build configuration list for PBXNativeTarget "printd" */ = {
			isa = XCConfigurationList;
			buildConfigurations = (
				D9CCA34E152F298100A56228 /* Debug */,
				D9CCA34F152F298100A56228 /* Release */,
			);
			defaultConfigurationIsVisible = 0;
			defaultConfigurationName = Release;
		};
/* End XCConfigurationList section */
	};
	rootObject = D9CCA326152F298000A56228 /* Project object */;
}
